
Microsoft Visual Studio Solution File, Format Version 12.00
# Visual Studio 15
VisualStudioVersion = 15.0.28307.645
MinimumVisualStudioVersion = 10.0.40219.1
Project("{FAE04EC0-301F-11D3-BF4B-00C04F79EFBC}") = "VideoOverlayForm", "VideoOverlayForm\VideoOverlayForm.csproj", "{33D36669-1183-4994-AADD-C70EC2BB027A}"
EndProject
Global
	GlobalSection(SolutionConfigurationPlatforms) = preSolution
		Debug|Any CPU = Debug|Any CPU
		Release|Any CPU = Release|Any CPU
	EndGlobalSection
	GlobalSection(ProjectConfigurationPlatforms) = postSolution
		{33D36669-1183-4994-AADD-C70EC2BB027A}.Debug|Any CPU.ActiveCfg = Debug|Any CPU
		{33D36669-1183-4994-AADD-C70EC2BB027A}.Debug|Any CPU.Build.0 = Debug|Any CPU
		{33D36669-1183-4994-AADD-C70EC2BB027A}.Release|Any CPU.ActiveCfg = Release|Any CPU
		{33D36669-1183-4994-AADD-C70EC2BB027A}.Release|Any CPU.Build.0 = Release|Any CPU
	EndGlobalSection
	GlobalSection(SolutionProperties) = preSolution
		HideSolutionNode = FALSE
	EndGlobalSection
	GlobalSection(ExtensibilityGlobals) = postSolution
		SolutionGuid = {EFCFC8BF-DCAE-4B01-A3F1-2390B716000C}
	EndGlobalSection
EndGlobal
